// !$*UTF8*$!
{
	archiveVersion = 1;
	classes = {
	};
	objectVersion = 52;
	objects = {

/* Begin PBXBuildFile section */
		4F78F9C3265BD6CB0068EF5D /* empty.swift in Sources */ = {isa = PBXBuildFile; fileRef = 4F78F9C2265BD6CA0068EF5D /* empty.swift */; };
		4F78F9C5265C1A9B0068EF5D /* ImageExtensions.swift in Sources */ = {isa = PBXBuildFile; fileRef = 4F78F9C4265C1A9B0068EF5D /* ImageExtensions.swift */; };
		4F9B34C0263C655A00288380 /* QuizViewController.swift in Sources */ = {isa = PBXBuildFile; fileRef = 4F9B34BF263C655A00288380 /* QuizViewController.swift */; };
		4F9B34C4263C9B5D00288380 /* QuizResultViewController.swift in Sources */ = {isa = PBXBuildFile; fileRef = 4F9B34C3263C9B5D00288380 /* QuizResultViewController.swift */; };
		4F9B34C6263CAC0800288380 /* SettingsViewController.swift in Sources */ = {isa = PBXBuildFile; fileRef = 4F9B34C5263CAC0800288380 /* SettingsViewController.swift */; };
		4F9B34C8263F2ECB00288380 /* QuizAppCoordinator.swift in Sources */ = {isa = PBXBuildFile; fileRef = 4F9B34C7263F2ECB00288380 /* QuizAppCoordinator.swift */; };
		4F9E0DF826518EAE00F1E3B1 /* QuizResult.swift in Sources */ = {isa = PBXBuildFile; fileRef = 4F9E0DF726518EAD00F1E3B1 /* QuizResult.swift */; };
		4F9E0DFC2651B1C400F1E3B1 /* Reachability.swift in Sources */ = {isa = PBXBuildFile; fileRef = 4F9E0DFB2651B1C400F1E3B1 /* Reachability.swift */; };
		4FC3AC15264F12CB00F8212D /* NetworkService.swift in Sources */ = {isa = PBXBuildFile; fileRef = 4FC3AC14264F12CB00F8212D /* NetworkService.swift */; };
		4FC3AC17264F14DB00F8212D /* RequestError.swift in Sources */ = {isa = PBXBuildFile; fileRef = 4FC3AC16264F14DB00F8212D /* RequestError.swift */; };
		4FC3AC19264F1D2300F8212D /* Result.swift in Sources */ = {isa = PBXBuildFile; fileRef = 4FC3AC18264F1D2300F8212D /* Result.swift */; };
		4FC3AC1B264F317200F8212D /* Session.swift in Sources */ = {isa = PBXBuildFile; fileRef = 4FC3AC1A264F317200F8212D /* Session.swift */; };
		4FC3AC1D264F347F00F8212D /* Quizzes.swift in Sources */ = {isa = PBXBuildFile; fileRef = 4FC3AC1C264F347F00F8212D /* Quizzes.swift */; };
		4FC3AC1F264F432400F8212D /* ServerStatus.swift in Sources */ = {isa = PBXBuildFile; fileRef = 4FC3AC1E264F432400F8212D /* ServerStatus.swift */; };
		4FF3C605261CE31A00E9D35B /* AppDelegate.swift in Sources */ = {isa = PBXBuildFile; fileRef = 4FF3C604261CE31A00E9D35B /* AppDelegate.swift */; };
		4FF3C607261CE31A00E9D35B /* SceneDelegate.swift in Sources */ = {isa = PBXBuildFile; fileRef = 4FF3C606261CE31A00E9D35B /* SceneDelegate.swift */; };
		4FF3C609261CE31A00E9D35B /* ViewController.swift in Sources */ = {isa = PBXBuildFile; fileRef = 4FF3C608261CE31A00E9D35B /* ViewController.swift */; };
		4FF3C60C261CE31A00E9D35B /* Main.storyboard in Resources */ = {isa = PBXBuildFile; fileRef = 4FF3C60A261CE31A00E9D35B /* Main.storyboard */; };
		4FF3C60E261CE31D00E9D35B /* Assets.xcassets in Resources */ = {isa = PBXBuildFile; fileRef = 4FF3C60D261CE31D00E9D35B /* Assets.xcassets */; };
		4FF3C611261CE31D00E9D35B /* LaunchScreen.storyboard in Resources */ = {isa = PBXBuildFile; fileRef = 4FF3C60F261CE31D00E9D35B /* LaunchScreen.storyboard */; };
		4FF3C622262202E600E9D35B /* LoginViewController.swift in Sources */ = {isa = PBXBuildFile; fileRef = 4FF3C621262202E600E9D35B /* LoginViewController.swift */; };
		4FF3C62526220CB200E9D35B /* SnapKit in Frameworks */ = {isa = PBXBuildFile; productRef = 4FF3C62426220CB200E9D35B /* SnapKit */; };
		4FF3C636262357DF00E9D35B /* DataServiceProtocol.swift in Sources */ = {isa = PBXBuildFile; fileRef = 4FF3C634262357DF00E9D35B /* DataServiceProtocol.swift */; };
		4FF3C63E262390CF00E9D35B /* LoginStatus.swift in Sources */ = {isa = PBXBuildFile; fileRef = 4FF3C63A262390CF00E9D35B /* LoginStatus.swift */; };
		4FF3C63F262390CF00E9D35B /* Question.swift in Sources */ = {isa = PBXBuildFile; fileRef = 4FF3C63B262390CF00E9D35B /* Question.swift */; };
		4FF3C640262390CF00E9D35B /* Quiz.swift in Sources */ = {isa = PBXBuildFile; fileRef = 4FF3C63C262390CF00E9D35B /* Quiz.swift */; };
		4FF3C641262390CF00E9D35B /* QuizCategory.swift in Sources */ = {isa = PBXBuildFile; fileRef = 4FF3C63D262390CF00E9D35B /* QuizCategory.swift */; };
		4FF3C6432624B49D00E9D35B /* QuizzesViewController.swift in Sources */ = {isa = PBXBuildFile; fileRef = 4FF3C6422624B49D00E9D35B /* QuizzesViewController.swift */; };
		4FF3C6472624FC6400E9D35B /* CustomCell.swift in Sources */ = {isa = PBXBuildFile; fileRef = 4FF3C6462624FC6400E9D35B /* CustomCell.swift */; };
		4FF3C64D2626631A00E9D35B /* SelectIconHeaderViewCell.swift in Sources */ = {isa = PBXBuildFile; fileRef = 4FF3C64C2626631A00E9D35B /* SelectIconHeaderViewCell.swift */; };
		A42CC25A7F46A9714EC9A700 /* Pods_QuizApp.framework in Frameworks */ = {isa = PBXBuildFile; fileRef = 6C74509B44CAB175EBC2CEAA /* Pods_QuizApp.framework */; };
/* End PBXBuildFile section */

/* Begin PBXFileReference section */
		4F78F9C2265BD6CA0068EF5D /* empty.swift */ = {isa = PBXFileReference; fileEncoding = 4; lastKnownFileType = sourcecode.swift; path = empty.swift; sourceTree = "<group>"; };
		4F78F9C4265C1A9B0068EF5D /* ImageExtensions.swift */ = {isa = PBXFileReference; lastKnownFileType = sourcecode.swift; path = ImageExtensions.swift; sourceTree = "<group>"; };
		4F9B34BF263C655A00288380 /* QuizViewController.swift */ = {isa = PBXFileReference; lastKnownFileType = sourcecode.swift; path = QuizViewController.swift; sourceTree = "<group>"; };
		4F9B34C3263C9B5D00288380 /* QuizResultViewController.swift */ = {isa = PBXFileReference; lastKnownFileType = sourcecode.swift; path = QuizResultViewController.swift; sourceTree = "<group>"; };
		4F9B34C5263CAC0800288380 /* SettingsViewController.swift */ = {isa = PBXFileReference; lastKnownFileType = sourcecode.swift; path = SettingsViewController.swift; sourceTree = "<group>"; };
		4F9B34C7263F2ECB00288380 /* QuizAppCoordinator.swift */ = {isa = PBXFileReference; lastKnownFileType = sourcecode.swift; path = QuizAppCoordinator.swift; sourceTree = "<group>"; };
		4F9E0DF726518EAD00F1E3B1 /* QuizResult.swift */ = {isa = PBXFileReference; lastKnownFileType = sourcecode.swift; path = QuizResult.swift; sourceTree = "<group>"; };
		4F9E0DFB2651B1C400F1E3B1 /* Reachability.swift */ = {isa = PBXFileReference; lastKnownFileType = sourcecode.swift; path = Reachability.swift; sourceTree = "<group>"; };
		4FC3AC14264F12CB00F8212D /* NetworkService.swift */ = {isa = PBXFileReference; lastKnownFileType = sourcecode.swift; path = NetworkService.swift; sourceTree = "<group>"; };
		4FC3AC16264F14DB00F8212D /* RequestError.swift */ = {isa = PBXFileReference; lastKnownFileType = sourcecode.swift; path = RequestError.swift; sourceTree = "<group>"; };
		4FC3AC18264F1D2300F8212D /* Result.swift */ = {isa = PBXFileReference; lastKnownFileType = sourcecode.swift; path = Result.swift; sourceTree = "<group>"; };
		4FC3AC1A264F317200F8212D /* Session.swift */ = {isa = PBXFileReference; lastKnownFileType = sourcecode.swift; path = Session.swift; sourceTree = "<group>"; };
		4FC3AC1C264F347F00F8212D /* Quizzes.swift */ = {isa = PBXFileReference; lastKnownFileType = sourcecode.swift; path = Quizzes.swift; sourceTree = "<group>"; };
		4FC3AC1E264F432400F8212D /* ServerStatus.swift */ = {isa = PBXFileReference; lastKnownFileType = sourcecode.swift; path = ServerStatus.swift; sourceTree = "<group>"; };
		4FF3C601261CE31A00E9D35B /* QuizApp.app */ = {isa = PBXFileReference; explicitFileType = wrapper.application; includeInIndex = 0; path = QuizApp.app; sourceTree = BUILT_PRODUCTS_DIR; };
		4FF3C604261CE31A00E9D35B /* AppDelegate.swift */ = {isa = PBXFileReference; lastKnownFileType = sourcecode.swift; path = AppDelegate.swift; sourceTree = "<group>"; };
		4FF3C606261CE31A00E9D35B /* SceneDelegate.swift */ = {isa = PBXFileReference; lastKnownFileType = sourcecode.swift; path = SceneDelegate.swift; sourceTree = "<group>"; };
		4FF3C608261CE31A00E9D35B /* ViewController.swift */ = {isa = PBXFileReference; lastKnownFileType = sourcecode.swift; path = ViewController.swift; sourceTree = "<group>"; };
		4FF3C60B261CE31A00E9D35B /* Base */ = {isa = PBXFileReference; lastKnownFileType = file.storyboard; name = Base; path = Base.lproj/Main.storyboard; sourceTree = "<group>"; };
		4FF3C60D261CE31D00E9D35B /* Assets.xcassets */ = {isa = PBXFileReference; lastKnownFileType = folder.assetcatalog; path = Assets.xcassets; sourceTree = "<group>"; };
		4FF3C610261CE31D00E9D35B /* Base */ = {isa = PBXFileReference; lastKnownFileType = file.storyboard; name = Base; path = Base.lproj/LaunchScreen.storyboard; sourceTree = "<group>"; };
		4FF3C612261CE31D00E9D35B /* Info.plist */ = {isa = PBXFileReference; lastKnownFileType = text.plist.xml; path = Info.plist; sourceTree = "<group>"; };
		4FF3C621262202E600E9D35B /* LoginViewController.swift */ = {isa = PBXFileReference; lastKnownFileType = sourcecode.swift; path = LoginViewController.swift; sourceTree = "<group>"; };
		4FF3C634262357DF00E9D35B /* DataServiceProtocol.swift */ = {isa = PBXFileReference; fileEncoding = 4; lastKnownFileType = sourcecode.swift; path = DataServiceProtocol.swift; sourceTree = "<group>"; };
		4FF3C63A262390CF00E9D35B /* LoginStatus.swift */ = {isa = PBXFileReference; fileEncoding = 4; lastKnownFileType = sourcecode.swift; path = LoginStatus.swift; sourceTree = "<group>"; };
		4FF3C63B262390CF00E9D35B /* Question.swift */ = {isa = PBXFileReference; fileEncoding = 4; lastKnownFileType = sourcecode.swift; path = Question.swift; sourceTree = "<group>"; };
		4FF3C63C262390CF00E9D35B /* Quiz.swift */ = {isa = PBXFileReference; fileEncoding = 4; lastKnownFileType = sourcecode.swift; path = Quiz.swift; sourceTree = "<group>"; };
		4FF3C63D262390CF00E9D35B /* QuizCategory.swift */ = {isa = PBXFileReference; fileEncoding = 4; lastKnownFileType = sourcecode.swift; path = QuizCategory.swift; sourceTree = "<group>"; };
		4FF3C6422624B49D00E9D35B /* QuizzesViewController.swift */ = {isa = PBXFileReference; lastKnownFileType = sourcecode.swift; path = QuizzesViewController.swift; sourceTree = "<group>"; };
		4FF3C6462624FC6400E9D35B /* CustomCell.swift */ = {isa = PBXFileReference; lastKnownFileType = sourcecode.swift; path = CustomCell.swift; sourceTree = "<group>"; };
		4FF3C64C2626631A00E9D35B /* SelectIconHeaderViewCell.swift */ = {isa = PBXFileReference; fileEncoding = 4; lastKnownFileType = sourcecode.swift; path = SelectIconHeaderViewCell.swift; sourceTree = "<group>"; };
		6C74509B44CAB175EBC2CEAA /* Pods_QuizApp.framework */ = {isa = PBXFileReference; explicitFileType = wrapper.framework; includeInIndex = 0; path = Pods_QuizApp.framework; sourceTree = BUILT_PRODUCTS_DIR; };
		95CC36940AA126F63AB77F8B /* Pods-QuizApp.debug.xcconfig */ = {isa = PBXFileReference; includeInIndex = 1; lastKnownFileType = text.xcconfig; name = "Pods-QuizApp.debug.xcconfig"; path = "Target Support Files/Pods-QuizApp/Pods-QuizApp.debug.xcconfig"; sourceTree = "<group>"; };
		F5F95F9948B3788D1473B09A /* Pods-QuizApp.release.xcconfig */ = {isa = PBXFileReference; includeInIndex = 1; lastKnownFileType = text.xcconfig; name = "Pods-QuizApp.release.xcconfig"; path = "Target Support Files/Pods-QuizApp/Pods-QuizApp.release.xcconfig"; sourceTree = "<group>"; };
/* End PBXFileReference section */

/* Begin PBXFrameworksBuildPhase section */
		4FF3C5FE261CE31A00E9D35B /* Frameworks */ = {
			isa = PBXFrameworksBuildPhase;
			buildActionMask = 2147483647;
			files = (
				A42CC25A7F46A9714EC9A700 /* Pods_QuizApp.framework in Frameworks */,
				4FF3C62526220CB200E9D35B /* SnapKit in Frameworks */,
			);
			runOnlyForDeploymentPostprocessing = 0;
		};
/* End PBXFrameworksBuildPhase section */

/* Begin PBXGroup section */
		1B2F5102D2DEA09337645E44 /* Frameworks */ = {
			isa = PBXGroup;
			children = (
				6C74509B44CAB175EBC2CEAA /* Pods_QuizApp.framework */,
			);
			name = Frameworks;
			sourceTree = "<group>";
		};
		4FF3C5F8261CE31A00E9D35B = {
			isa = PBXGroup;
			children = (
				4FF3C603261CE31A00E9D35B /* QuizApp */,
				4FF3C602261CE31A00E9D35B /* Products */,
				5ED83D2975D5A8AB432EA6B8 /* Pods */,
				1B2F5102D2DEA09337645E44 /* Frameworks */,
			);
			sourceTree = "<group>";
		};
		4FF3C602261CE31A00E9D35B /* Products */ = {
			isa = PBXGroup;
			children = (
				4FF3C601261CE31A00E9D35B /* QuizApp.app */,
			);
			name = Products;
			sourceTree = "<group>";
		};
		4FF3C603261CE31A00E9D35B /* QuizApp */ = {
			isa = PBXGroup;
			children = (
				4F78F9C2265BD6CA0068EF5D /* empty.swift */,
				4FF3C63A262390CF00E9D35B /* LoginStatus.swift */,
				4FF3C63B262390CF00E9D35B /* Question.swift */,
				4FF3C63C262390CF00E9D35B /* Quiz.swift */,
				4FF3C63D262390CF00E9D35B /* QuizCategory.swift */,
				4FF3C634262357DF00E9D35B /* DataServiceProtocol.swift */,
				4FC3AC14264F12CB00F8212D /* NetworkService.swift */,
				4FC3AC16264F14DB00F8212D /* RequestError.swift */,
				4FC3AC18264F1D2300F8212D /* Result.swift */,
				4FC3AC1A264F317200F8212D /* Session.swift */,
				4FC3AC1C264F347F00F8212D /* Quizzes.swift */,
				4FC3AC1E264F432400F8212D /* ServerStatus.swift */,
				4F9B34C7263F2ECB00288380 /* QuizAppCoordinator.swift */,
				4F9E0DF726518EAD00F1E3B1 /* QuizResult.swift */,
				4FF3C618261D0D4900E9D35B /* Views */,
				4FF3C604261CE31A00E9D35B /* AppDelegate.swift */,
				4FF3C606261CE31A00E9D35B /* SceneDelegate.swift */,
				4FF3C608261CE31A00E9D35B /* ViewController.swift */,
				4FF3C60A261CE31A00E9D35B /* Main.storyboard */,
				4FF3C60D261CE31D00E9D35B /* Assets.xcassets */,
				4FF3C60F261CE31D00E9D35B /* LaunchScreen.storyboard */,
				4FF3C612261CE31D00E9D35B /* Info.plist */,
				4F9E0DFB2651B1C400F1E3B1 /* Reachability.swift */,
				4F78F9C4265C1A9B0068EF5D /* ImageExtensions.swift */,
			);
			path = QuizApp;
			sourceTree = "<group>";
		};
		4FF3C618261D0D4900E9D35B /* Views */ = {
			isa = PBXGroup;
			children = (
				4FF3C64C2626631A00E9D35B /* SelectIconHeaderViewCell.swift */,
				4FF3C621262202E600E9D35B /* LoginViewController.swift */,
				4FF3C6422624B49D00E9D35B /* QuizzesViewController.swift */,
				4FF3C6462624FC6400E9D35B /* CustomCell.swift */,
				4F9B34BF263C655A00288380 /* QuizViewController.swift */,
				4F9B34C3263C9B5D00288380 /* QuizResultViewController.swift */,
				4F9B34C5263CAC0800288380 /* SettingsViewController.swift */,
			);
			path = Views;
			sourceTree = "<group>";
		};
		5ED83D2975D5A8AB432EA6B8 /* Pods */ = {
			isa = PBXGroup;
			children = (
				95CC36940AA126F63AB77F8B /* Pods-QuizApp.debug.xcconfig */,
				F5F95F9948B3788D1473B09A /* Pods-QuizApp.release.xcconfig */,
			);
			path = Pods;
			sourceTree = "<group>";
		};
/* End PBXGroup section */

/* Begin PBXNativeTarget section */
		4FF3C600261CE31A00E9D35B /* QuizApp */ = {
			isa = PBXNativeTarget;
			buildConfigurationList = 4FF3C615261CE31D00E9D35B /* Build configuration list for PBXNativeTarget "QuizApp" */;
			buildPhases = (
				3D4D52302372DAD2F31DF6EC /* [CP] Check Pods Manifest.lock */,
				4FF3C5FD261CE31A00E9D35B /* Sources */,
				4FF3C5FE261CE31A00E9D35B /* Frameworks */,
				4FF3C5FF261CE31A00E9D35B /* Resources */,
			);
			buildRules = (
			);
			dependencies = (
			);
			name = QuizApp;
			packageProductDependencies = (
				4FF3C62426220CB200E9D35B /* SnapKit */,
			);
			productName = QuizApp;
			productReference = 4FF3C601261CE31A00E9D35B /* QuizApp.app */;
			productType = "com.apple.product-type.application";
		};
/* End PBXNativeTarget section */

/* Begin PBXProject section */
		4FF3C5F9261CE31A00E9D35B /* Project object */ = {
			isa = PBXProject;
			attributes = {
				LastSwiftUpdateCheck = 1130;
				LastUpgradeCheck = 1130;
				ORGANIZATIONNAME = Lara;
				TargetAttributes = {
					4FF3C600261CE31A00E9D35B = {
						CreatedOnToolsVersion = 11.3.1;
					};
				};
			};
			buildConfigurationList = 4FF3C5FC261CE31A00E9D35B /* Build configuration list for PBXProject "QuizApp" */;
			compatibilityVersion = "Xcode 9.3";
			developmentRegion = en;
			hasScannedForEncodings = 0;
			knownRegions = (
				en,
				Base,
			);
			mainGroup = 4FF3C5F8261CE31A00E9D35B;
			packageReferences = (
				4FF3C62326220CB200E9D35B /* XCRemoteSwiftPackageReference "SnapKit" */,
			);
			productRefGroup = 4FF3C602261CE31A00E9D35B /* Products */;
			projectDirPath = "";
			projectRoot = "";
			targets = (
				4FF3C600261CE31A00E9D35B /* QuizApp */,
			);
		};
/* End PBXProject section */

/* Begin PBXResourcesBuildPhase section */
		4FF3C5FF261CE31A00E9D35B /* Resources */ = {
			isa = PBXResourcesBuildPhase;
			buildActionMask = 2147483647;
			files = (
				4FF3C611261CE31D00E9D35B /* LaunchScreen.storyboard in Resources */,
				4FF3C60E261CE31D00E9D35B /* Assets.xcassets in Resources */,
				4FF3C60C261CE31A00E9D35B /* Main.storyboard in Resources */,
			);
			runOnlyForDeploymentPostprocessing = 0;
		};
/* End PBXResourcesBuildPhase section */

/* Begin PBXShellScriptBuildPhase section */
		3D4D52302372DAD2F31DF6EC /* [CP] Check Pods Manifest.lock */ = {
			isa = PBXShellScriptBuildPhase;
			buildActionMask = 2147483647;
			files = (
			);
			inputFileListPaths = (
			);
			inputPaths = (
				"${PODS_PODFILE_DIR_PATH}/Podfile.lock",
				"${PODS_ROOT}/Manifest.lock",
			);
			name = "[CP] Check Pods Manifest.lock";
			outputFileListPaths = (
			);
			outputPaths = (
				"$(DERIVED_FILE_DIR)/Pods-QuizApp-checkManifestLockResult.txt",
			);
			runOnlyForDeploymentPostprocessing = 0;
			shellPath = /bin/sh;
			shellScript = "diff \"${PODS_PODFILE_DIR_PATH}/Podfile.lock\" \"${PODS_ROOT}/Manifest.lock\" > /dev/null\nif [ $? != 0 ] ; then\n    # print error to STDERR\n    echo \"error: The sandbox is not in sync with the Podfile.lock. Run 'pod install' or update your CocoaPods installation.\" >&2\n    exit 1\nfi\n# This output is used by Xcode 'outputs' to avoid re-running this script phase.\necho \"SUCCESS\" > \"${SCRIPT_OUTPUT_FILE_0}\"\n";
			showEnvVarsInLog = 0;
		};
/* End PBXShellScriptBuildPhase section */

/* Begin PBXSourcesBuildPhase section */
		4FF3C5FD261CE31A00E9D35B /* Sources */ = {
			isa = PBXSourcesBuildPhase;
			buildActionMask = 2147483647;
			files = (
				4FC3AC1F264F432400F8212D /* ServerStatus.swift in Sources */,
				4FF3C641262390CF00E9D35B /* QuizCategory.swift in Sources */,
				4FF3C636262357DF00E9D35B /* DataServiceProtocol.swift in Sources */,
				4FC3AC1D264F347F00F8212D /* Quizzes.swift in Sources */,
				4F9B34C4263C9B5D00288380 /* QuizResultViewController.swift in Sources */,
				4F9E0DFC2651B1C400F1E3B1 /* Reachability.swift in Sources */,
				4FF3C63F262390CF00E9D35B /* Question.swift in Sources */,
				4F78F9C3265BD6CB0068EF5D /* empty.swift in Sources */,
				4FF3C609261CE31A00E9D35B /* ViewController.swift in Sources */,
				4F78F9C5265C1A9B0068EF5D /* ImageExtensions.swift in Sources */,
				4F9B34C8263F2ECB00288380 /* QuizAppCoordinator.swift in Sources */,
				4FF3C64D2626631A00E9D35B /* SelectIconHeaderViewCell.swift in Sources */,
				4F9B34C0263C655A00288380 /* QuizViewController.swift in Sources */,
				4FF3C605261CE31A00E9D35B /* AppDelegate.swift in Sources */,
				4FF3C6432624B49D00E9D35B /* QuizzesViewController.swift in Sources */,
				4FF3C63E262390CF00E9D35B /* LoginStatus.swift in Sources */,
				4F9B34C6263CAC0800288380 /* SettingsViewController.swift in Sources */,
				4FF3C607261CE31A00E9D35B /* SceneDelegate.swift in Sources */,
				4F9E0DF826518EAE00F1E3B1 /* QuizResult.swift in Sources */,
				4FC3AC15264F12CB00F8212D /* NetworkService.swift in Sources */,
				4FC3AC17264F14DB00F8212D /* RequestError.swift in Sources */,
				4FF3C622262202E600E9D35B /* LoginViewController.swift in Sources */,
				4FC3AC1B264F317200F8212D /* Session.swift in Sources */,
				4FC3AC19264F1D2300F8212D /* Result.swift in Sources */,
				4FF3C6472624FC6400E9D35B /* CustomCell.swift in Sources */,
				4FF3C640262390CF00E9D35B /* Quiz.swift in Sources */,
			);
			runOnlyForDeploymentPostprocessing = 0;
		};
/* End PBXSourcesBuildPhase section */

/* Begin PBXVariantGroup section */
		4FF3C60A261CE31A00E9D35B /* Main.storyboard */ = {
			isa = PBXVariantGroup;
			children = (
				4FF3C60B261CE31A00E9D35B /* Base */,
			);
			name = Main.storyboard;
			sourceTree = "<group>";
		};
		4FF3C60F261CE31D00E9D35B /* LaunchScreen.storyboard */ = {
			isa = PBXVariantGroup;
			children = (
				4FF3C610261CE31D00E9D35B /* Base */,
			);
			name = LaunchScreen.storyboard;
			sourceTree = "<group>";
		};
/* End PBXVariantGroup section */

/* Begin XCBuildConfiguration section */
		4FF3C613261CE31D00E9D35B /* Debug */ = {
			isa = XCBuildConfiguration;
			buildSettings = {
				ALWAYS_SEARCH_USER_PATHS = NO;
				CLANG_ANALYZER_NONNULL = YES;
				CLANG_ANALYZER_NUMBER_OBJECT_CONVERSION = YES_AGGRESSIVE;
				CLANG_CXX_LANGUAGE_STANDARD = "gnu++14";
				CLANG_CXX_LIBRARY = "libc++";
				CLANG_ENABLE_MODULES = YES;
				CLANG_ENABLE_OBJC_ARC = YES;
				CLANG_ENABLE_OBJC_WEAK = YES;
				CLANG_WARN_BLOCK_CAPTURE_AUTORELEASING = YES;
				CLANG_WARN_BOOL_CONVERSION = YES;
				CLANG_WARN_COMMA = YES;
				CLANG_WARN_CONSTANT_CONVERSION = YES;
				CLANG_WARN_DEPRECATED_OBJC_IMPLEMENTATIONS = YES;
				CLANG_WARN_DIRECT_OBJC_ISA_USAGE = YES_ERROR;
				CLANG_WARN_DOCUMENTATION_COMMENTS = YES;
				CLANG_WARN_EMPTY_BODY = YES;
				CLANG_WARN_ENUM_CONVERSION = YES;
				CLANG_WARN_INFINITE_RECURSION = YES;
				CLANG_WARN_INT_CONVERSION = YES;
				CLANG_WARN_NON_LITERAL_NULL_CONVERSION = YES;
				CLANG_WARN_OBJC_IMPLICIT_RETAIN_SELF = YES;
				CLANG_WARN_OBJC_LITERAL_CONVERSION = YES;
				CLANG_WARN_OBJC_ROOT_CLASS = YES_ERROR;
				CLANG_WARN_RANGE_LOOP_ANALYSIS = YES;
				CLANG_WARN_STRICT_PROTOTYPES = YES;
				CLANG_WARN_SUSPICIOUS_MOVE = YES;
				CLANG_WARN_UNGUARDED_AVAILABILITY = YES_AGGRESSIVE;
				CLANG_WARN_UNREACHABLE_CODE = YES;
				CLANG_WARN__DUPLICATE_METHOD_MATCH = YES;
				COPY_PHASE_STRIP = NO;
				DEBUG_INFORMATION_FORMAT = dwarf;
				ENABLE_STRICT_OBJC_MSGSEND = YES;
				ENABLE_TESTABILITY = YES;
				GCC_C_LANGUAGE_STANDARD = gnu11;
				GCC_DYNAMIC_NO_PIC = NO;
				GCC_NO_COMMON_BLOCKS = YES;
				GCC_OPTIMIZATION_LEVEL = 0;
				GCC_PREPROCESSOR_DEFINITIONS = (
					"DEBUG=1",
					"$(inherited)",
				);
				GCC_WARN_64_TO_32_BIT_CONVERSION = YES;
				GCC_WARN_ABOUT_RETURN_TYPE = YES_ERROR;
				GCC_WARN_UNDECLARED_SELECTOR = YES;
				GCC_WARN_UNINITIALIZED_AUTOS = YES_AGGRESSIVE;
				GCC_WARN_UNUSED_FUNCTION = YES;
				GCC_WARN_UNUSED_VARIABLE = YES;
				IPHONEOS_DEPLOYMENT_TARGET = 13.2;
				MTL_ENABLE_DEBUG_INFO = INCLUDE_SOURCE;
				MTL_FAST_MATH = YES;
				ONLY_ACTIVE_ARCH = YES;
				SDKROOT = iphoneos;
				SWIFT_ACTIVE_COMPILATION_CONDITIONS = DEBUG;
				SWIFT_OPTIMIZATION_LEVEL = "-Onone";
			};
			name = Debug;
		};
		4FF3C614261CE31D00E9D35B /* Release */ = {
			isa = XCBuildConfiguration;
			buildSettings = {
				ALWAYS_SEARCH_USER_PATHS = NO;
				CLANG_ANALYZER_NONNULL = YES;
				CLANG_ANALYZER_NUMBER_OBJECT_CONVERSION = YES_AGGRESSIVE;
				CLANG_CXX_LANGUAGE_STANDARD = "gnu++14";
				CLANG_CXX_LIBRARY = "libc++";
				CLANG_ENABLE_MODULES = YES;
				CLANG_ENABLE_OBJC_ARC = YES;
				CLANG_ENABLE_OBJC_WEAK = YES;
				CLANG_WARN_BLOCK_CAPTURE_AUTORELEASING = YES;
				CLANG_WARN_BOOL_CONVERSION = YES;
				CLANG_WARN_COMMA = YES;
				CLANG_WARN_CONSTANT_CONVERSION = YES;
				CLANG_WARN_DEPRECATED_OBJC_IMPLEMENTATIONS = YES;
				CLANG_WARN_DIRECT_OBJC_ISA_USAGE = YES_ERROR;
				CLANG_WARN_DOCUMENTATION_COMMENTS = YES;
				CLANG_WARN_EMPTY_BODY = YES;
				CLANG_WARN_ENUM_CONVERSION = YES;
				CLANG_WARN_INFINITE_RECURSION = YES;
				CLANG_WARN_INT_CONVERSION = YES;
				CLANG_WARN_NON_LITERAL_NULL_CONVERSION = YES;
				CLANG_WARN_OBJC_IMPLICIT_RETAIN_SELF = YES;
				CLANG_WARN_OBJC_LITERAL_CONVERSION = YES;
				CLANG_WARN_OBJC_ROOT_CLASS = YES_ERROR;
				CLANG_WARN_RANGE_LOOP_ANALYSIS = YES;
				CLANG_WARN_STRICT_PROTOTYPES = YES;
				CLANG_WARN_SUSPICIOUS_MOVE = YES;
				CLANG_WARN_UNGUARDED_AVAILABILITY = YES_AGGRESSIVE;
				CLANG_WARN_UNREACHABLE_CODE = YES;
				CLANG_WARN__DUPLICATE_METHOD_MATCH = YES;
				COPY_PHASE_STRIP = NO;
				DEBUG_INFORMATION_FORMAT = "dwarf-with-dsym";
				ENABLE_NS_ASSERTIONS = NO;
				ENABLE_STRICT_OBJC_MSGSEND = YES;
				GCC_C_LANGUAGE_STANDARD = gnu11;
				GCC_NO_COMMON_BLOCKS = YES;
				GCC_WARN_64_TO_32_BIT_CONVERSION = YES;
				GCC_WARN_ABOUT_RETURN_TYPE = YES_ERROR;
				GCC_WARN_UNDECLARED_SELECTOR = YES;
				GCC_WARN_UNINITIALIZED_AUTOS = YES_AGGRESSIVE;
				GCC_WARN_UNUSED_FUNCTION = YES;
				GCC_WARN_UNUSED_VARIABLE = YES;
				IPHONEOS_DEPLOYMENT_TARGET = 13.2;
				MTL_ENABLE_DEBUG_INFO = NO;
				MTL_FAST_MATH = YES;
				SDKROOT = iphoneos;
				SWIFT_COMPILATION_MODE = wholemodule;
				SWIFT_OPTIMIZATION_LEVEL = "-O";
				VALIDATE_PRODUCT = YES;
			};
			name = Release;
		};
		4FF3C616261CE31D00E9D35B /* Debug */ = {
			isa = XCBuildConfiguration;
			baseConfigurationReference = 95CC36940AA126F63AB77F8B /* Pods-QuizApp.debug.xcconfig */;
			buildSettings = {
				ASSETCATALOG_COMPILER_APPICON_NAME = AppIcon;
				CODE_SIGN_STYLE = Automatic;
				DEVELOPMENT_TEAM = KS8674TJTB;
				INFOPLIST_FILE = QuizApp/Info.plist;
				LD_RUNPATH_SEARCH_PATHS = (
					"$(inherited)",
					"@executable_path/Frameworks",
				);
				PRODUCT_BUNDLE_IDENTIFIER = hr.fer.gLara.QuizApp;
				PRODUCT_NAME = "$(TARGET_NAME)";
				SWIFT_VERSION = 5.0;
				TARGETED_DEVICE_FAMILY = "1,2";
			};
			name = Debug;
		};
		4FF3C617261CE31D00E9D35B /* Release */ = {
			isa = XCBuildConfiguration;
			baseConfigurationReference = F5F95F9948B3788D1473B09A /* Pods-QuizApp.release.xcconfig */;
			buildSettings = {
				ASSETCATALOG_COMPILER_APPICON_NAME = AppIcon;
				CODE_SIGN_STYLE = Automatic;
				DEVELOPMENT_TEAM = KS8674TJTB;
				INFOPLIST_FILE = QuizApp/Info.plist;
				LD_RUNPATH_SEARCH_PATHS = (
					"$(inherited)",
					"@executable_path/Frameworks",
				);
				PRODUCT_BUNDLE_IDENTIFIER = hr.fer.gLara.QuizApp;
				PRODUCT_NAME = "$(TARGET_NAME)";
				SWIFT_VERSION = 5.0;
				TARGETED_DEVICE_FAMILY = "1,2";
			};
			name = Release;
		};
/* End XCBuildConfiguration section */

/* Begin XCConfigurationList section */
		4FF3C5FC261CE31A00E9D35B /* Build configuration list for PBXProject "QuizApp" */ = {
			isa = XCConfigurationList;
			buildConfigurations = (
				4FF3C613261CE31D00E9D35B /* Debug */,
				4FF3C614261CE31D00E9D35B /* Release */,
			);
			defaultConfigurationIsVisible = 0;
			defaultConfigurationName = Release;
		};
		4FF3C615261CE31D00E9D35B /* Build configuration list for PBXNativeTarget "QuizApp" */ = {
			isa = XCConfigurationList;
			buildConfigurations = (
				4FF3C616261CE31D00E9D35B /* Debug */,
				4FF3C617261CE31D00E9D35B /* Release */,
			);
			defaultConfigurationIsVisible = 0;
			defaultConfigurationName = Release;
		};
/* End XCConfigurationList section */

/* Begin XCRemoteSwiftPackageReference section */
		4FF3C62326220CB200E9D35B /* XCRemoteSwiftPackageReference "SnapKit" */ = {
			isa = XCRemoteSwiftPackageReference;
			repositoryURL = "https://github.com/SnapKit/SnapKit.git";
			requirement = {
				kind = upToNextMajorVersion;
				minimumVersion = 5.0.1;
			};
		};
/* End XCRemoteSwiftPackageReference section */

/* Begin XCSwiftPackageProductDependency section */
		4FF3C62426220CB200E9D35B /* SnapKit */ = {
			isa = XCSwiftPackageProductDependency;
			package = 4FF3C62326220CB200E9D35B /* XCRemoteSwiftPackageReference "SnapKit" */;
			productName = SnapKit;
		};
/* End XCSwiftPackageProductDependency section */
	};
	rootObject = 4FF3C5F9261CE31A00E9D35B /* Project object */;
}
